# THIS IS AN AUTOGENERATED FILE. DO NOT EDIT THIS FILE DIRECTLY.
# yarn lockfile v1


fsevents@^2.1.3:
  version "2.3.2"
  resolved "https://registry.yarnpkg.com/fsevents/-/fsevents-2.3.2.tgz#8a526f78b8fdf4623b709e0b975c52c24c02fd1a"
  integrity sha512-xiqMQR4xAeHTuB9uWm+fFRcIOgKBMiOBP+eXiyT7jsgVCq1bkVygt00oASowB7EdtpOHaaPgKt812P9ab+DDKA==

preact-iso@^1.0.0:
  version "1.1.1"
  resolved "https://registry.yarnpkg.com/preact-iso/-/preact-iso-1.1.1.tgz#959656bfee479e6a8c6707753e84d4342f61c48b"
  integrity sha512-/iG9YH2nlLf3DAEXxCxka6Mux32t2cZEgfbvkNnR9ZtK0yjDRBEHI1IJS6I1AtelAFuBvoD24Ua0sc7wdZb1vg==

preact@^10.5.12:
  version "10.5.13"
  resolved "https://registry.yarnpkg.com/preact/-/preact-10.5.13.tgz#85f6c9197ecd736ce8e3bec044d08fd1330fa019"
  integrity sha512-q/vlKIGNwzTLu+jCcvywgGrt+H/1P/oIRSD6mV4ln3hmlC+Aa34C7yfPI4+5bzW8pONyVXYS7SvXosy2dKKtWQ==

wmr@^1.2.0:
  version "1.5.1"
  resolved "https://registry.yarnpkg.com/wmr/-/wmr-1.5.1.tgz#f7630da86ff69eef935c7b8361230482d06bc880"
  integrity sha512-CW+cMxaTFsCgBmcQXeuvTJ0rM5+IhOOA0f8xAZdfre63TNlEoOw0T3G8bKYRV7N+SaveF3siRFis96rSVnyMuQ==
