# THIS IS AN AUTOGENERATED FILE. DO NOT EDIT THIS FILE DIRECTLY.
# yarn lockfile v1


"@esbuild-kit/cjs-loader@^2.3.0":
  version "2.3.0"
  resolved "https://registry.yarnpkg.com/@esbuild-kit/cjs-loader/-/cjs-loader-2.3.0.tgz#db61e68aa746ab776af315844a72d85fb86095fd"
  integrity sha512-KInrVt8wlKLhWy7+y4a+E+0uBJoWgdx6Xupy+rrF4MFHA/dEt22ACvvChOZSyiqtQieYPtbPkVYSjbC7mOrFVw==
  dependencies:
    "@esbuild-kit/core-utils" "^2.0.0"
    get-tsconfig "^4.1.0"

"@esbuild-kit/core-utils@^2.0.0", "@esbuild-kit/core-utils@^2.0.2":
  version "2.0.2"
  resolved "https://registry.yarnpkg.com/@esbuild-kit/core-utils/-/core-utils-2.0.2.tgz#2b12beb95252ab4a207de16cd2dafcb4de1e1f86"
  integrity sha512-clNYQUsqtc36pzW5EufMsahcbLG45EaW3YDyf0DlaS0eCMkDXpxIlHwPC0rndUwG6Ytk9sMSD5k1qHbwYEC/OQ==
  dependencies:
    esbuild "~0.14.47"
    source-map-support "^0.5.21"

"@esbuild-kit/esm-loader@^2.4.0":
  version "2.4.0"
  resolved "https://registry.yarnpkg.com/@esbuild-kit/esm-loader/-/esm-loader-2.4.0.tgz#feaa94aeedb2b95cb2b30c77160629fdf2be941e"
  integrity sha512-zS720jXh06nfg5yAzm6oob4sWN9VTP2E1SonhFgEb6zCBswa4S8fOQ/4Bksz1flDgn56NPqoTTDn2XmWRyMG9Q==
  dependencies:
    "@esbuild-kit/core-utils" "^2.0.0"
    get-tsconfig "^4.1.0"

buffer-from@^1.0.0:
  version "1.1.2"
  resolved "https://registry.yarnpkg.com/buffer-from/-/buffer-from-1.1.2.tgz#2b146a6fd72e80b4f55d255f35ed59a3a9a41bd5"
  integrity sha512-E+XQCRwSbaaiChtv6k6Dwgc+bx+Bs6vuKJHHl5kox/BaKbhiXzqQOwK4cO22yElGp2OCmjwVhT3HmxgyPGnJfQ==

builtins@^4.0.0:
  version "4.1.0"
  resolved "https://registry.yarnpkg.com/builtins/-/builtins-4.1.0.tgz#1edd016dd91ce771a1ed6fc3b2b71fb918953250"
  integrity sha512-1bPRZQtmKaO6h7qV1YHXNtr6nCK28k0Zo95KM4dXfILcZZwoHJBN1m3lfLv9LPkcOZlrSr+J1bzMaZFO98Yq0w==
  dependencies:
    semver "^7.0.0"

cross-spawn@^7.0.3:
  version "7.0.3"
  resolved "https://registry.yarnpkg.com/cross-spawn/-/cross-spawn-7.0.3.tgz#f73a85b9d5d41d045551c177e2882d4ac85728a6"
  integrity sha512-iRDPJKUPVEND7dHPO8rkbOnPpyDygcDFtWjpeWNCgy8WP2rXcxXL8TskReQl6OrB2G7+UJrags1q15Fudc7G6w==
  dependencies:
    path-key "^3.1.0"
    shebang-command "^2.0.0"
    which "^2.0.1"

esbuild-android-64@0.14.36:
  version "0.14.36"
  resolved "https://registry.yarnpkg.com/esbuild-android-64/-/esbuild-android-64-0.14.36.tgz#fc5f95ce78c8c3d790fa16bc71bd904f2bb42aa1"
  integrity sha512-jwpBhF1jmo0tVCYC/ORzVN+hyVcNZUWuozGcLHfod0RJCedTDTvR4nwlTXdx1gtncDqjk33itjO+27OZHbiavw==

esbuild-android-64@0.14.48:
  version "0.14.48"
  resolved "https://registry.yarnpkg.com/esbuild-android-64/-/esbuild-android-64-0.14.48.tgz#7e6394a0e517f738641385aaf553c7e4fb6d1ae3"
  integrity sha512-3aMjboap/kqwCUpGWIjsk20TtxVoKck8/4Tu19rubh7t5Ra0Yrpg30Mt1QXXlipOazrEceGeWurXKeFJgkPOUg==

esbuild-android-arm64@0.14.36:
  version "0.14.36"
  resolved "https://registry.yarnpkg.com/esbuild-android-arm64/-/esbuild-android-arm64-0.14.36.tgz#44356fbb9f8de82a5cdf11849e011dfb3ad0a8a8"
  integrity sha512-/hYkyFe7x7Yapmfv4X/tBmyKnggUmdQmlvZ8ZlBnV4+PjisrEhAvC3yWpURuD9XoB8Wa1d5dGkTsF53pIvpjsg==

esbuild-android-arm64@0.14.48:
  version "0.14.48"
  resolved "https://registry.yarnpkg.com/esbuild-android-arm64/-/esbuild-android-arm64-0.14.48.tgz#6877566be0f82dd5a43030c0007d06ece7f7c02f"
  integrity sha512-vptI3K0wGALiDq+EvRuZotZrJqkYkN5282iAfcffjI5lmGG9G1ta/CIVauhY42MBXwEgDJkweiDcDMRLzBZC4g==

esbuild-darwin-64@0.14.36:
  version "0.14.36"
  resolved "https://registry.yarnpkg.com/esbuild-darwin-64/-/esbuild-darwin-64-0.14.36.tgz#3d9324b21489c70141665c2e740d6e84f16f725d"
  integrity sha512-kkl6qmV0dTpyIMKagluzYqlc1vO0ecgpviK/7jwPbRDEv5fejRTaBBEE2KxEQbTHcLhiiDbhG7d5UybZWo/1zQ==

esbuild-darwin-64@0.14.48:
  version "0.14.48"
  resolved "https://registry.yarnpkg.com/esbuild-darwin-64/-/esbuild-darwin-64-0.14.48.tgz#ea3caddb707d88f844b1aa1dea5ff3b0a71ef1fd"
  integrity sha512-gGQZa4+hab2Va/Zww94YbshLuWteyKGD3+EsVon8EWTWhnHFRm5N9NbALNbwi/7hQ/hM1Zm4FuHg+k6BLsl5UA==

esbuild-darwin-arm64@0.14.36:
  version "0.14.36"
  resolved "https://registry.yarnpkg.com/esbuild-darwin-arm64/-/esbuild-darwin-arm64-0.14.36.tgz#2a8040c2e465131e5281034f3c72405e643cb7b2"
  integrity sha512-q8fY4r2Sx6P0Pr3VUm//eFYKVk07C5MHcEinU1BjyFnuYz4IxR/03uBbDwluR6ILIHnZTE7AkTUWIdidRi1Jjw==

esbuild-darwin-arm64@0.14.48:
  version "0.14.48"
  resolved "https://registry.yarnpkg.com/esbuild-darwin-arm64/-/esbuild-darwin-arm64-0.14.48.tgz#4e5eaab54df66cc319b76a2ac0e8af4e6f0d9c2f"
  integrity sha512-bFjnNEXjhZT+IZ8RvRGNJthLWNHV5JkCtuOFOnjvo5pC0sk2/QVk0Qc06g2PV3J0TcU6kaPC3RN9yy9w2PSLEA==

esbuild-freebsd-64@0.14.36:
  version "0.14.36"
  resolved "https://registry.yarnpkg.com/esbuild-freebsd-64/-/esbuild-freebsd-64-0.14.36.tgz#d82c387b4d01fe9e8631f97d41eb54f2dbeb68a3"
  integrity sha512-Hn8AYuxXXRptybPqoMkga4HRFE7/XmhtlQjXFHoAIhKUPPMeJH35GYEUWGbjteai9FLFvBAjEAlwEtSGxnqWww==

esbuild-freebsd-64@0.14.48:
  version "0.14.48"
  resolved "https://registry.yarnpkg.com/esbuild-freebsd-64/-/esbuild-freebsd-64-0.14.48.tgz#47b5abc7426eae66861490ffbb380acc67af5b15"
  integrity sha512-1NOlwRxmOsnPcWOGTB10JKAkYSb2nue0oM1AfHWunW/mv3wERfJmnYlGzL3UAOIUXZqW8GeA2mv+QGwq7DToqA==

esbuild-freebsd-arm64@0.14.36:
  version "0.14.36"
  resolved "https://registry.yarnpkg.com/esbuild-freebsd-arm64/-/esbuild-freebsd-arm64-0.14.36.tgz#e8ce2e6c697da6c7ecd0cc0ac821d47c5ab68529"
  integrity sha512-S3C0attylLLRiCcHiJd036eDEMOY32+h8P+jJ3kTcfhJANNjP0TNBNL30TZmEdOSx/820HJFgRrqpNAvTbjnDA==

esbuild-freebsd-arm64@0.14.48:
  version "0.14.48"
  resolved "https://registry.yarnpkg.com/esbuild-freebsd-arm64/-/esbuild-freebsd-arm64-0.14.48.tgz#e8c54c8637cd44feed967ea12338b0a4da3a7b11"
  integrity sha512-gXqKdO8wabVcYtluAbikDH2jhXp+Klq5oCD5qbVyUG6tFiGhrC9oczKq3vIrrtwcxDQqK6+HDYK8Zrd4bCA9Gw==

esbuild-linux-32@0.14.36:
  version "0.14.36"
  resolved "https://registry.yarnpkg.com/esbuild-linux-32/-/esbuild-linux-32-0.14.36.tgz#a4a261e2af91986ea62451f2db712a556cb38a15"
  integrity sha512-Eh9OkyTrEZn9WGO4xkI3OPPpUX7p/3QYvdG0lL4rfr73Ap2HAr6D9lP59VMF64Ex01LhHSXwIsFG/8AQjh6eNw==

esbuild-linux-32@0.14.48:
  version "0.14.48"
  resolved "https://registry.yarnpkg.com/esbuild-linux-32/-/esbuild-linux-32-0.14.48.tgz#229cf3246de2b7937c3ac13fac622d4d7a1344c5"
  integrity sha512-ghGyDfS289z/LReZQUuuKq9KlTiTspxL8SITBFQFAFRA/IkIvDpnZnCAKTCjGXAmUqroMQfKJXMxyjJA69c/nQ==

esbuild-linux-64@0.14.36:
  version "0.14.36"
  resolved "https://registry.yarnpkg.com/esbuild-linux-64/-/esbuild-linux-64-0.14.36.tgz#4a9500f9197e2c8fcb884a511d2c9d4c2debde72"
  integrity sha512-vFVFS5ve7PuwlfgoWNyRccGDi2QTNkQo/2k5U5ttVD0jRFaMlc8UQee708fOZA6zTCDy5RWsT5MJw3sl2X6KDg==

esbuild-linux-64@0.14.48:
  version "0.14.48"
  resolved "https://registry.yarnpkg.com/esbuild-linux-64/-/esbuild-linux-64-0.14.48.tgz#7c0e7226c02c42aacc5656c36977493dc1e96c4f"
  integrity sha512-vni3p/gppLMVZLghI7oMqbOZdGmLbbKR23XFARKnszCIBpEMEDxOMNIKPmMItQrmH/iJrL1z8Jt2nynY0bE1ug==

esbuild-linux-arm64@0.14.36:
  version "0.14.36"
  resolved "https://registry.yarnpkg.com/esbuild-linux-arm64/-/esbuild-linux-arm64-0.14.36.tgz#c91c21e25b315464bd7da867365dd1dae14ca176"
  integrity sha512-24Vq1M7FdpSmaTYuu1w0Hdhiqkbto1I5Pjyi+4Cdw5fJKGlwQuw+hWynTcRI/cOZxBcBpP21gND7W27gHAiftw==

esbuild-linux-arm64@0.14.48:
  version "0.14.48"
  resolved "https://registry.yarnpkg.com/esbuild-linux-arm64/-/esbuild-linux-arm64-0.14.48.tgz#0af1eda474b5c6cc0cace8235b74d0cb8fcf57a7"
  integrity sha512-3CFsOlpoxlKPRevEHq8aAntgYGYkE1N9yRYAcPyng/p4Wyx0tPR5SBYsxLKcgPB9mR8chHEhtWYz6EZ+H199Zw==

esbuild-linux-arm@0.14.36:
  version "0.14.36"
  resolved "https://registry.yarnpkg.com/esbuild-linux-arm/-/esbuild-linux-arm-0.14.36.tgz#90e23bca2e6e549affbbe994f80ba3bb6c4d934a"
  integrity sha512-NhgU4n+NCsYgt7Hy61PCquEz5aevI6VjQvxwBxtxrooXsxt5b2xtOUXYZe04JxqQo+XZk3d1gcr7pbV9MAQ/Lg==

esbuild-linux-arm@0.14.48:
  version "0.14.48"
  resolved "https://registry.yarnpkg.com/esbuild-linux-arm/-/esbuild-linux-arm-0.14.48.tgz#de4d1fa6b77cdcd00e2bb43dd0801e4680f0ab52"
  integrity sha512-+VfSV7Akh1XUiDNXgqgY1cUP1i2vjI+BmlyXRfVz5AfV3jbpde8JTs5Q9sYgaoq5cWfuKfoZB/QkGOI+QcL1Tw==

esbuild-linux-mips64le@0.14.36:
  version "0.14.36"
  resolved "https://registry.yarnpkg.com/esbuild-linux-mips64le/-/esbuild-linux-mips64le-0.14.36.tgz#40e11afb08353ff24709fc89e4db0f866bc131d2"
  integrity sha512-hZUeTXvppJN+5rEz2EjsOFM9F1bZt7/d2FUM1lmQo//rXh1RTFYzhC0txn7WV0/jCC7SvrGRaRz0NMsRPf8SIA==

esbuild-linux-mips64le@0.14.48:
  version "0.14.48"
  resolved "https://registry.yarnpkg.com/esbuild-linux-mips64le/-/esbuild-linux-mips64le-0.14.48.tgz#822c1778495f7868e990d4da47ad7281df28fd15"
  integrity sha512-cs0uOiRlPp6ymknDnjajCgvDMSsLw5mST2UXh+ZIrXTj2Ifyf2aAP3Iw4DiqgnyYLV2O/v/yWBJx+WfmKEpNLA==

esbuild-linux-ppc64le@0.14.36:
  version "0.14.36"
  resolved "https://registry.yarnpkg.com/esbuild-linux-ppc64le/-/esbuild-linux-ppc64le-0.14.36.tgz#9e8a588c513d06cc3859f9dcc52e5fdfce8a1a5e"
  integrity sha512-1Bg3QgzZjO+QtPhP9VeIBhAduHEc2kzU43MzBnMwpLSZ890azr4/A9Dganun8nsqD/1TBcqhId0z4mFDO8FAvg==

esbuild-linux-ppc64le@0.14.48:
  version "0.14.48"
  resolved "https://registry.yarnpkg.com/esbuild-linux-ppc64le/-/esbuild-linux-ppc64le-0.14.48.tgz#55de0a9ec4a48fedfe82a63e083164d001709447"
  integrity sha512-+2F0vJMkuI0Wie/wcSPDCqXvSFEELH7Jubxb7mpWrA/4NpT+/byjxDz0gG6R1WJoeDefcrMfpBx4GFNN1JQorQ==

esbuild-linux-riscv64@0.14.36:
  version "0.14.36"
  resolved "https://registry.yarnpkg.com/esbuild-linux-riscv64/-/esbuild-linux-riscv64-0.14.36.tgz#e578c09b23b3b97652e60e3692bfda628b541f06"
  integrity sha512-dOE5pt3cOdqEhaufDRzNCHf5BSwxgygVak9UR7PH7KPVHwSTDAZHDoEjblxLqjJYpc5XaU9+gKJ9F8mp9r5I4A==

esbuild-linux-riscv64@0.14.48:
  version "0.14.48"
  resolved "https://registry.yarnpkg.com/esbuild-linux-riscv64/-/esbuild-linux-riscv64-0.14.48.tgz#cd2b7381880b2f4b21a5a598fb673492120f18a5"
  integrity sha512-BmaK/GfEE+5F2/QDrIXteFGKnVHGxlnK9MjdVKMTfvtmudjY3k2t8NtlY4qemKSizc+QwyombGWTBDc76rxePA==

esbuild-linux-s390x@0.14.36:
  version "0.14.36"
  resolved "https://registry.yarnpkg.com/esbuild-linux-s390x/-/esbuild-linux-s390x-0.14.36.tgz#3c9dab40d0d69932ffded0fd7317bb403626c9bc"
  integrity sha512-g4FMdh//BBGTfVHjF6MO7Cz8gqRoDPzXWxRvWkJoGroKA18G9m0wddvPbEqcQf5Tbt2vSc1CIgag7cXwTmoTXg==

esbuild-linux-s390x@0.14.48:
  version "0.14.48"
  resolved "https://registry.yarnpkg.com/esbuild-linux-s390x/-/esbuild-linux-s390x-0.14.48.tgz#4b319eca2a5c64637fc7397ffbd9671719cdb6bf"
  integrity sha512-tndw/0B9jiCL+KWKo0TSMaUm5UWBLsfCKVdbfMlb3d5LeV9WbijZ8Ordia8SAYv38VSJWOEt6eDCdOx8LqkC4g==

esbuild-netbsd-64@0.14.36:
  version "0.14.36"
  resolved "https://registry.yarnpkg.com/esbuild-netbsd-64/-/esbuild-netbsd-64-0.14.36.tgz#e27847f6d506218291619b8c1e121ecd97628494"
  integrity sha512-UB2bVImxkWk4vjnP62ehFNZ73lQY1xcnL5ZNYF3x0AG+j8HgdkNF05v67YJdCIuUJpBuTyCK8LORCYo9onSW+A==

esbuild-netbsd-64@0.14.48:
  version "0.14.48"
  resolved "https://registry.yarnpkg.com/esbuild-netbsd-64/-/esbuild-netbsd-64-0.14.48.tgz#c27cde8b5cb55dcc227943a18ab078fb98d0adbf"
  integrity sha512-V9hgXfwf/T901Lr1wkOfoevtyNkrxmMcRHyticybBUHookznipMOHoF41Al68QBsqBxnITCEpjjd4yAos7z9Tw==

esbuild-node-loader@^0.6.5:
  version "0.6.5"
  resolved "https://registry.yarnpkg.com/esbuild-node-loader/-/esbuild-node-loader-0.6.5.tgz#c0aad436d01542150a8297b99dab71aa82add818"
  integrity sha512-uPP+dllWm38cFvDysdocutN3lfe5pTIbddAHp1ENyLzpHYqE2r+3Wo+pfg9X3p8DFWwzIisft5YkeBIthIcixw==
  dependencies:
    esbuild ">=0.13.12"

esbuild-openbsd-64@0.14.36:
  version "0.14.36"
  resolved "https://registry.yarnpkg.com/esbuild-openbsd-64/-/esbuild-openbsd-64-0.14.36.tgz#c94c04c557fae516872a586eae67423da6d2fabb"
  integrity sha512-NvGB2Chf8GxuleXRGk8e9zD3aSdRO5kLt9coTQbCg7WMGXeX471sBgh4kSg8pjx0yTXRt0MlrUDnjVYnetyivg==

esbuild-openbsd-64@0.14.48:
  version "0.14.48"
  resolved "https://registry.yarnpkg.com/esbuild-openbsd-64/-/esbuild-openbsd-64-0.14.48.tgz#af5ab2d1cb41f09064bba9465fc8bf1309150df1"
  integrity sha512-+IHf4JcbnnBl4T52egorXMatil/za0awqzg2Vy6FBgPcBpisDWT2sVz/tNdrK9kAqj+GZG/jZdrOkj7wsrNTKA==

esbuild-register@^3.3.2:
  version "3.3.2"
  resolved "https://registry.yarnpkg.com/esbuild-register/-/esbuild-register-3.3.2.tgz#1c3dc7179cabb4c7bd640a393eb916b18b12a223"
  integrity sha512-jceAtTO6zxPmCfSD5cBb3rgIK1vmuqCKYwgylHiS1BF4pq0jJiJb4K2QMuqF4BEw7XDBRatYzip0upyTzfkgsQ==

esbuild-sunos-64@0.14.36:
  version "0.14.36"
  resolved "https://registry.yarnpkg.com/esbuild-sunos-64/-/esbuild-sunos-64-0.14.36.tgz#9b79febc0df65a30f1c9bd63047d1675511bf99d"
  integrity sha512-VkUZS5ftTSjhRjuRLp+v78auMO3PZBXu6xl4ajomGenEm2/rGuWlhFSjB7YbBNErOchj51Jb2OK8lKAo8qdmsQ==

esbuild-sunos-64@0.14.48:
  version "0.14.48"
  resolved "https://registry.yarnpkg.com/esbuild-sunos-64/-/esbuild-sunos-64-0.14.48.tgz#db3ae20526055cf6fd5c4582676233814603ac54"
  integrity sha512-77m8bsr5wOpOWbGi9KSqDphcq6dFeJyun8TA+12JW/GAjyfTwVtOnN8DOt6DSPUfEV+ltVMNqtXUeTeMAxl5KA==

esbuild-windows-32@0.14.36:
  version "0.14.36"
  resolved "https://registry.yarnpkg.com/esbuild-windows-32/-/esbuild-windows-32-0.14.36.tgz#910d11936c8d2122ffdd3275e5b28d8a4e1240ec"
  integrity sha512-bIar+A6hdytJjZrDxfMBUSEHHLfx3ynoEZXx/39nxy86pX/w249WZm8Bm0dtOAByAf4Z6qV0LsnTIJHiIqbw0w==

esbuild-windows-32@0.14.48:
  version "0.14.48"
  resolved "https://registry.yarnpkg.com/esbuild-windows-32/-/esbuild-windows-32-0.14.48.tgz#021ffceb0a3f83078262870da88a912293c57475"
  integrity sha512-EPgRuTPP8vK9maxpTGDe5lSoIBHGKO/AuxDncg5O3NkrPeLNdvvK8oywB0zGaAZXxYWfNNSHskvvDgmfVTguhg==

esbuild-windows-64@0.14.36:
  version "0.14.36"
  resolved "https://registry.yarnpkg.com/esbuild-windows-64/-/esbuild-windows-64-0.14.36.tgz#21b4ce8b42a4efc63f4b58ec617f1302448aad26"
  integrity sha512-+p4MuRZekVChAeueT1Y9LGkxrT5x7YYJxYE8ZOTcEfeUUN43vktSn6hUNsvxzzATrSgq5QqRdllkVBxWZg7KqQ==

esbuild-windows-64@0.14.48:
  version "0.14.48"
  resolved "https://registry.yarnpkg.com/esbuild-windows-64/-/esbuild-windows-64-0.14.48.tgz#a4d3407b580f9faac51f61eec095fa985fb3fee4"
  integrity sha512-YmpXjdT1q0b8ictSdGwH3M8VCoqPpK1/UArze3X199w6u8hUx3V8BhAi1WjbsfDYRBanVVtduAhh2sirImtAvA==

esbuild-windows-arm64@0.14.36:
  version "0.14.36"
  resolved "https://registry.yarnpkg.com/esbuild-windows-arm64/-/esbuild-windows-arm64-0.14.36.tgz#ba21546fecb7297667d0052d00150de22c044b24"
  integrity sha512-fBB4WlDqV1m18EF/aheGYQkQZHfPHiHJSBYzXIo8yKehek+0BtBwo/4PNwKGJ5T0YK0oc8pBKjgwPbzSrPLb+Q==

esbuild-windows-arm64@0.14.48:
  version "0.14.48"
  resolved "https://registry.yarnpkg.com/esbuild-windows-arm64/-/esbuild-windows-arm64-0.14.48.tgz#762c0562127d8b09bfb70a3c816460742dd82880"
  integrity sha512-HHaOMCsCXp0rz5BT2crTka6MPWVno121NKApsGs/OIW5QC0ggC69YMGs1aJct9/9FSUF4A1xNE/cLvgB5svR4g==

esbuild@>=0.13.0, esbuild@>=0.13.12, esbuild@^0.14.0:
  version "0.14.36"
  resolved "https://registry.yarnpkg.com/esbuild/-/esbuild-0.14.36.tgz#0023a73eab57886ac5605df16ee421e471a971b3"
  integrity sha512-HhFHPiRXGYOCRlrhpiVDYKcFJRdO0sBElZ668M4lh2ER0YgnkLxECuFe7uWCf23FrcLc59Pqr7dHkTqmRPDHmw==
  optionalDependencies:
    esbuild-android-64 "0.14.36"
    esbuild-android-arm64 "0.14.36"
    esbuild-darwin-64 "0.14.36"
    esbuild-darwin-arm64 "0.14.36"
    esbuild-freebsd-64 "0.14.36"
    esbuild-freebsd-arm64 "0.14.36"
    esbuild-linux-32 "0.14.36"
    esbuild-linux-64 "0.14.36"
    esbuild-linux-arm "0.14.36"
    esbuild-linux-arm64 "0.14.36"
    esbuild-linux-mips64le "0.14.36"
    esbuild-linux-ppc64le "0.14.36"
    esbuild-linux-riscv64 "0.14.36"
    esbuild-linux-s390x "0.14.36"
    esbuild-netbsd-64 "0.14.36"
    esbuild-openbsd-64 "0.14.36"
    esbuild-sunos-64 "0.14.36"
    esbuild-windows-32 "0.14.36"
    esbuild-windows-64 "0.14.36"
    esbuild-windows-arm64 "0.14.36"

esbuild@~0.14.47:
  version "0.14.48"
  resolved "https://registry.yarnpkg.com/esbuild/-/esbuild-0.14.48.tgz#da5d8d25cd2d940c45ea0cfecdca727f7aee2b85"
  integrity sha512-w6N1Yn5MtqK2U1/WZTX9ZqUVb8IOLZkZ5AdHkT6x3cHDMVsYWC7WPdiLmx19w3i4Rwzy5LqsEMtVihG3e4rFzA==
  optionalDependencies:
    esbuild-android-64 "0.14.48"
    esbuild-android-arm64 "0.14.48"
    esbuild-darwin-64 "0.14.48"
    esbuild-darwin-arm64 "0.14.48"
    esbuild-freebsd-64 "0.14.48"
    esbuild-freebsd-arm64 "0.14.48"
    esbuild-linux-32 "0.14.48"
    esbuild-linux-64 "0.14.48"
    esbuild-linux-arm "0.14.48"
    esbuild-linux-arm64 "0.14.48"
    esbuild-linux-mips64le "0.14.48"
    esbuild-linux-ppc64le "0.14.48"
    esbuild-linux-riscv64 "0.14.48"
    esbuild-linux-s390x "0.14.48"
    esbuild-netbsd-64 "0.14.48"
    esbuild-openbsd-64 "0.14.48"
    esbuild-sunos-64 "0.14.48"
    esbuild-windows-32 "0.14.48"
    esbuild-windows-64 "0.14.48"
    esbuild-windows-arm64 "0.14.48"

esno@^0.14.1:
  version "0.14.1"
  resolved "https://registry.yarnpkg.com/esno/-/esno-0.14.1.tgz#b7557b3c70eda5ae0c3f0daa07739b8337526610"
  integrity sha512-yDFYw6dGUjCT1qKsdG7WOc/RzIh/qwxUEVZ+ohCltaxBxEFMNqeqbQL9xjRl6Yvdwrfc5OCjUA9JbFmuu/8BKg==
  dependencies:
    cross-spawn "^7.0.3"
    esbuild ">=0.13.0"
    esbuild-node-loader "^0.6.5"
    esbuild-register "^3.3.2"
    import-meta-resolve "^1.1.1"

fsevents@~2.3.2:
  version "2.3.2"
  resolved "https://registry.yarnpkg.com/fsevents/-/fsevents-2.3.2.tgz#8a526f78b8fdf4623b709e0b975c52c24c02fd1a"
  integrity sha512-xiqMQR4xAeHTuB9uWm+fFRcIOgKBMiOBP+eXiyT7jsgVCq1bkVygt00oASowB7EdtpOHaaPgKt812P9ab+DDKA==

get-tsconfig@^4.1.0:
  version "4.1.0"
  resolved "https://registry.yarnpkg.com/get-tsconfig/-/get-tsconfig-4.1.0.tgz#325fd5a58ee94596037263ce8b7db0ce8ac7b925"
  integrity sha512-bhshxJhpfmeQ8x4fAvDqJV2VfGp5TfHdLpmBpNZZhMoVyfIrOippBW4mayC3DT9Sxuhcyl56Efw61qL28hG4EQ==

import-meta-resolve@^1.1.1:
  version "1.1.1"
  resolved "https://registry.yarnpkg.com/import-meta-resolve/-/import-meta-resolve-1.1.1.tgz#244fd542fd1fae73550d4f8b3cde3bba1d7b2b18"
  integrity sha512-JiTuIvVyPaUg11eTrNDx5bgQ/yMKMZffc7YSjvQeSMXy58DO2SQ8BtAf3xteZvmzvjYh14wnqNjL8XVeDy2o9A==
  dependencies:
    builtins "^4.0.0"

isexe@^2.0.0:
  version "2.0.0"
  resolved "https://registry.yarnpkg.com/isexe/-/isexe-2.0.0.tgz#e8fbf374dc556ff8947a10dcb0572d633f2cfa10"
  integrity sha1-6PvzdNxVb/iUehDcsFctYz8s+hA=

lru-cache@^6.0.0:
  version "6.0.0"
  resolved "https://registry.yarnpkg.com/lru-cache/-/lru-cache-6.0.0.tgz#6d6fe6570ebd96aaf90fcad1dafa3b2566db3a94"
  integrity sha512-Jo6dJ04CmSjuznwJSS3pUeWmd/H0ffTlkXXgwZi+eq1UCmqQwCh+eLsYOYCwY991i2Fah4h1BEMCx4qThGbsiA==
  dependencies:
    yallist "^4.0.0"

path-key@^3.1.0:
  version "3.1.1"
  resolved "https://registry.yarnpkg.com/path-key/-/path-key-3.1.1.tgz#581f6ade658cbba65a0d3380de7753295054f375"
  integrity sha512-ojmeN0qd+y0jszEtoY48r0Peq5dwMEkIlCOu6Q5f41lfkswXuKtYrhgoTpLnyIcHm24Uhqx+5Tqm2InSwLhE6Q==

semver@^7.0.0:
  version "7.5.4"
  resolved "https://registry.yarnpkg.com/semver/-/semver-7.5.4.tgz#483986ec4ed38e1c6c48c34894a9182dbff68a6e"
  integrity sha512-1bCSESV6Pv+i21Hvpxp3Dx+pSD8lIPt8uVjRrxAUt/nbswYc+tK6Y2btiULjd4+fnq15PX+nqQDC7Oft7WkwcA==
  dependencies:
    lru-cache "^6.0.0"

shebang-command@^2.0.0:
  version "2.0.0"
  resolved "https://registry.yarnpkg.com/shebang-command/-/shebang-command-2.0.0.tgz#ccd0af4f8835fbdc265b82461aaf0c36663f34ea"
  integrity sha512-kHxr2zZpYtdmrN1qDjrrX/Z1rR1kG8Dx+gkpK1G4eXmvXswmcE1hTWBWYUzlraYw1/yZp6YuDY77YtvbN0dmDA==
  dependencies:
    shebang-regex "^3.0.0"

shebang-regex@^3.0.0:
  version "3.0.0"
  resolved "https://registry.yarnpkg.com/shebang-regex/-/shebang-regex-3.0.0.tgz#ae16f1644d873ecad843b0307b143362d4c42172"
  integrity sha512-7++dFhtcx3353uBaq8DDR4NuxBetBzC7ZQOhmTQInHEd6bSrXdiEyzCvG07Z44UYdLShWUyXt5M/yhz8ekcb1A==

source-map-support@^0.5.21:
  version "0.5.21"
  resolved "https://registry.yarnpkg.com/source-map-support/-/source-map-support-0.5.21.tgz#04fe7c7f9e1ed2d662233c28cb2b35b9f63f6e4f"
  integrity sha512-uBHU3L3czsIyYXKX88fdrGovxdSCoTGDRZ6SYXtSRxLZUzHg5P/66Ht6uoUlHu9EZod+inXhKo3qQgwXUT/y1w==
  dependencies:
    buffer-from "^1.0.0"
    source-map "^0.6.0"

source-map@^0.6.0:
  version "0.6.1"
  resolved "https://registry.yarnpkg.com/source-map/-/source-map-0.6.1.tgz#74722af32e9614e9c287a8d0bbde48b5e2f1a263"
  integrity sha512-UjgapumWlbMhkBgzT7Ykc5YXUT46F0iKu8SGXq0bcwP5dz/h0Plj6enJqjz1Zbq2l5WaqYnrVbwWOWMyF3F47g==

tsm@^2.2.1:
  version "2.2.1"
  resolved "https://registry.yarnpkg.com/tsm/-/tsm-2.2.1.tgz#3e78e86a03b2f569c20cff4a9f66c4ec8fce65fc"
  integrity sha512-qvJB0baPnxQJolZru11mRgGTdNlx17WqgJnle7eht3Vhb+VUR4/zFA5hFl6NqRe7m8BD9w/6yu0B2XciRrdoJA==
  dependencies:
    esbuild "^0.14.0"

tsx@^3.7.1:
  version "3.7.1"
  resolved "https://registry.yarnpkg.com/tsx/-/tsx-3.7.1.tgz#36b76628c33abc8cd9cbab60c15a00e50c631f22"
  integrity sha512-dwl1GBdkwVQ9zRxTmETGi+ck8pewNm2QXh+HK6jHxdHmeCjfCL+Db3b4VX/dOMDSS2hle1j5LzQoo8OpVXu6XQ==
  dependencies:
    "@esbuild-kit/cjs-loader" "^2.3.0"
    "@esbuild-kit/core-utils" "^2.0.2"
    "@esbuild-kit/esm-loader" "^2.4.0"
  optionalDependencies:
    fsevents "~2.3.2"

typescript@^4.6.3:
  version "4.6.3"
  resolved "https://registry.yarnpkg.com/typescript/-/typescript-4.6.3.tgz#eefeafa6afdd31d725584c67a0eaba80f6fc6c6c"
  integrity sha512-yNIatDa5iaofVozS/uQJEl3JRWLKKGJKh6Yaiv0GLGSuhpFJe7P3SbHZ8/yjAHRQwKRoA6YZqlfjXWmVzoVSMw==

which@^2.0.1:
  version "2.0.2"
  resolved "https://registry.yarnpkg.com/which/-/which-2.0.2.tgz#7c6a8dd0a636a0327e10b59c9286eee93f3f51b1"
  integrity sha512-BLI3Tl1TW3Pvl70l3yq3Y64i+awpwXqsGBYWkkqMtnbXgrMD+yj7rhW0kuEDxzJaYXGjEW5ogapKNMEKNMjibA==
  dependencies:
    isexe "^2.0.0"

yallist@^4.0.0:
  version "4.0.0"
  resolved "https://registry.yarnpkg.com/yallist/-/yallist-4.0.0.tgz#9bb92790d9c0effec63be73519e11a35019a3a72"
  integrity sha512-3wdGidZyq5PB084XLES5TpOSRA3wjXAlIWMhum2kRcv/41Sn2emQ0dycQW4uZXLejwKvg6EsvbdlVL+FYEct7A==
