# THIS IS AN AUTOGENERATED FILE. DO NOT EDIT THIS FILE DIRECTLY.
# yarn lockfile v1


esbuild@^0.8.23:
  version "0.8.23"
  resolved "https://registry.yarnpkg.com/esbuild/-/esbuild-0.8.23.tgz#8c4ccd3abb5f7b4ae9f31c571971517be4ae60d2"
  integrity sha512-LkgCmotGnhVgRGxjDkTBBYrnJ5stcxK+40cEJGtXUS16hcAWy90cn1qjxKCogzLPJ75gW/L6ejly7VKrMstVGQ==
