{
  "name": "hono",
  "lockfileVersion": 3,
  "requires": true,
  "packages": {
    "": {
      "devDependencies": {
        "hono": "^4.11.10"
      }
    },
    "node_modules/hono": {
      "version": "4.11.10",
      "resolved": "https://registry.npmjs.org/hono/-/hono-4.11.10.tgz",
      "integrity": "sha512-kyWP5PAiMooEvGrA9jcD3IXF7ATu8+o7B3KCbPXid5se52NPqnOpM/r9qeW2heMnOekF4kqR1fXJqCYeCLKrZg==",
      "dev": true,
      "license": "MIT",
      "engines": {
        "node": ">=16.9.0"
      }
    }
  }
}
