# THIS IS AN AUTOGENERATED FILE. DO NOT EDIT THIS FILE DIRECTLY.
# yarn lockfile v1


playwright-core@1.31.2:
  version "1.31.2"
  resolved "https://registry.yarnpkg.com/playwright-core/-/playwright-core-1.31.2.tgz#debf4b215d14cb619adb7e511c164d068075b2ed"
  integrity sha512-a1dFgCNQw4vCsG7bnojZjDnPewZcw7tZUNFN0ZkcLYKj+mPmXvg4MpaaKZ5SgqPsOmqIf2YsVRkgqiRDxD+fDQ==

playwright@latest:
  version "1.31.2"
  resolved "https://registry.yarnpkg.com/playwright/-/playwright-1.31.2.tgz#4252280586c596746122cd1fdf9f8ff6a63fa852"
  integrity sha512-jpC47n2PKQNtzB7clmBuWh6ftBRS/Bt5EGLigJ9k2QAKcNeYXZkEaDH5gmvb6+AbcE0DO6GnXdbl9ogG6Eh+og==
  dependencies:
    playwright-core "1.31.2"
